
Microsoft Visual Studio Solution File, Format Version 12.00
# Visual Studio Version 17
VisualStudioVersion = 17.1.32421.90
MinimumVisualStudioVersion = 10.0.40219.1
Project("{FAE04EC0-301F-11D3-BF4B-00C04F79EFBC}") = "DapperExam", "DapperExam\DapperExam.csproj", "{6A130C8A-18E3-4B21-9988-3EB337FA1B5C}"
EndProject
Global
	GlobalSection(SolutionConfigurationPlatforms) = preSolution
		Debug|Any CPU = Debug|Any CPU
		Release|Any CPU = Release|Any CPU
	EndGlobalSection
	GlobalSection(ProjectConfigurationPlatforms) = postSolution
		{6A130C8A-18E3-4B21-9988-3EB337FA1B5C}.Debug|Any CPU.ActiveCfg = Debug|Any CPU
		{6A130C8A-18E3-4B21-9988-3EB337FA1B5C}.Debug|Any CPU.Build.0 = Debug|Any CPU
		{6A130C8A-18E3-4B21-9988-3EB337FA1B5C}.Release|Any CPU.ActiveCfg = Release|Any CPU
		{6A130C8A-18E3-4B21-9988-3EB337FA1B5C}.Release|Any CPU.Build.0 = Release|Any CPU
	EndGlobalSection
	GlobalSection(SolutionProperties) = preSolution
		HideSolutionNode = FALSE
	EndGlobalSection
	GlobalSection(ExtensibilityGlobals) = postSolution
		SolutionGuid = {5F0F7B41-9A74-41C6-85A7-C428EAD58B50}
	EndGlobalSection
EndGlobal
